// !$*UTF8*$!
{
	archiveVersion = 1;
	classes = {
	};
	objectVersion = 50;
	objects = {

/* Begin PBXBuildFile section */
		18B4B9F222137B1B00DF905C /* Davey's_Pizza.png in Resources */ = {isa = PBXBuildFile; fileRef = 18B4B9F122137B1B00DF905C /* Davey's_Pizza.png */; };
		4B19B13A21C03E7C007903A7 /* AppDelegate.swift in Sources */ = {isa = PBXBuildFile; fileRef = 4B19B13921C03E7C007903A7 /* AppDelegate.swift */; };
		4B19B13F21C03E7C007903A7 /* Main.storyboard in Resources */ = {isa = PBXBuildFile; fileRef = 4B19B13D21C03E7C007903A7 /* Main.storyboard */; };
		4B19B14121C03E7E007903A7 /* Assets.xcassets in Resources */ = {isa = PBXBuildFile; fileRef = 4B19B14021C03E7E007903A7 /* Assets.xcassets */; };
		4B19B14421C03E7E007903A7 /* LaunchScreen.storyboard in Resources */ = {isa = PBXBuildFile; fileRef = 4B19B14221C03E7E007903A7 /* LaunchScreen.storyboard */; };
		4B696DE4220A3B7B00DA31BE /* FinalView.swift in Sources */ = {isa = PBXBuildFile; fileRef = 4B696DE3220A3B7B00DA31BE /* FinalView.swift */; };
		4BD624A521E91015007D0E7C /* untitled.png in Resources */ = {isa = PBXBuildFile; fileRef = 4BD624A421E91015007D0E7C /* untitled.png */; };
		FE5166A92200E991008176AB /* StartingView.swift in Sources */ = {isa = PBXBuildFile; fileRef = FE5166A82200E991008176AB /* StartingView.swift */; };
		FE5166AB2200E9E5008176AB /* SauceView.swift in Sources */ = {isa = PBXBuildFile; fileRef = FE5166AA2200E9E5008176AB /* SauceView.swift */; };
		FE5166AD2200EA77008176AB /* InformationView.swift in Sources */ = {isa = PBXBuildFile; fileRef = FE5166AC2200EA77008176AB /* InformationView.swift */; };
		FE5166AF2200FBDA008176AB /* SizeView.swift in Sources */ = {isa = PBXBuildFile; fileRef = FE5166AE2200FBDA008176AB /* SizeView.swift */; };
		FE5166B12200FD98008176AB /* ToppingView.swift in Sources */ = {isa = PBXBuildFile; fileRef = FE5166B02200FD98008176AB /* ToppingView.swift */; };
/* End PBXBuildFile section */

/* Begin PBXContainerItemProxy section */
		4B19B14B21C03E7E007903A7 /* PBXContainerItemProxy */ = {
			isa = PBXContainerItemProxy;
			containerPortal = 4B19B12E21C03E7C007903A7 /* Project object */;
			proxyType = 1;
			remoteGlobalIDString = 4B19B13521C03E7C007903A7;
			remoteInfo = "Domestic Violence Pizza App";
		};
		4B19B15621C03E7E007903A7 /* PBXContainerItemProxy */ = {
			isa = PBXContainerItemProxy;
			containerPortal = 4B19B12E21C03E7C007903A7 /* Project object */;
			proxyType = 1;
			remoteGlobalIDString = 4B19B13521C03E7C007903A7;
			remoteInfo = "Domestic Violence Pizza App";
		};
/* End PBXContainerItemProxy section */

/* Begin PBXFileReference section */
		18B4B9F122137B1B00DF905C /* Davey's_Pizza.png */ = {isa = PBXFileReference; lastKnownFileType = image.png; path = "Davey's_Pizza.png"; sourceTree = SOURCE_ROOT; };
		4B19B13621C03E7C007903A7 /* Domestic Violence Pizza App.app */ = {isa = PBXFileReference; explicitFileType = wrapper.application; includeInIndex = 0; path = "Domestic Violence Pizza App.app"; sourceTree = BUILT_PRODUCTS_DIR; };
		4B19B13921C03E7C007903A7 /* AppDelegate.swift */ = {isa = PBXFileReference; lastKnownFileType = sourcecode.swift; path = AppDelegate.swift; sourceTree = "<group>"; };
		4B19B13E21C03E7C007903A7 /* Base */ = {isa = PBXFileReference; lastKnownFileType = file.storyboard; name = Base; path = Base.lproj/Main.storyboard; sourceTree = "<group>"; };
		4B19B14021C03E7E007903A7 /* Assets.xcassets */ = {isa = PBXFileReference; lastKnownFileType = folder.assetcatalog; path = Assets.xcassets; sourceTree = "<group>"; };
		4B19B14321C03E7E007903A7 /* Base */ = {isa = PBXFileReference; lastKnownFileType = file.storyboard; name = Base; path = Base.lproj/LaunchScreen.storyboard; sourceTree = "<group>"; };
		4B19B14521C03E7E007903A7 /* Info.plist */ = {isa = PBXFileReference; lastKnownFileType = text.plist.xml; path = Info.plist; sourceTree = "<group>"; };
		4B19B14A21C03E7E007903A7 /* Domestic Violence Pizza AppTests.xctest */ = {isa = PBXFileReference; explicitFileType = wrapper.cfbundle; includeInIndex = 0; path = "Domestic Violence Pizza AppTests.xctest"; sourceTree = BUILT_PRODUCTS_DIR; };
		4B19B15521C03E7E007903A7 /* Domestic Violence Pizza AppUITests.xctest */ = {isa = PBXFileReference; explicitFileType = wrapper.cfbundle; includeInIndex = 0; path = "Domestic Violence Pizza AppUITests.xctest"; sourceTree = BUILT_PRODUCTS_DIR; };
		4B696DE3220A3B7B00DA31BE /* FinalView.swift */ = {isa = PBXFileReference; lastKnownFileType = sourcecode.swift; path = FinalView.swift; sourceTree = "<group>"; };
		4BD624A421E91015007D0E7C /* untitled.png */ = {isa = PBXFileReference; lastKnownFileType = image.png; path = untitled.png; sourceTree = SOURCE_ROOT; };
		FE5166A82200E991008176AB /* StartingView.swift */ = {isa = PBXFileReference; fileEncoding = 4; lastKnownFileType = sourcecode.swift; path = StartingView.swift; sourceTree = "<group>"; };
		FE5166AA2200E9E5008176AB /* SauceView.swift */ = {isa = PBXFileReference; fileEncoding = 4; lastKnownFileType = sourcecode.swift; path = SauceView.swift; sourceTree = "<group>"; };
		FE5166AC2200EA77008176AB /* InformationView.swift */ = {isa = PBXFileReference; lastKnownFileType = sourcecode.swift; path = InformationView.swift; sourceTree = "<group>"; };
		FE5166AE2200FBDA008176AB /* SizeView.swift */ = {isa = PBXFileReference; fileEncoding = 4; lastKnownFileType = sourcecode.swift; path = SizeView.swift; sourceTree = "<group>"; };
		FE5166B02200FD98008176AB /* ToppingView.swift */ = {isa = PBXFileReference; fileEncoding = 4; lastKnownFileType = sourcecode.swift; path = ToppingView.swift; sourceTree = "<group>"; };
/* End PBXFileReference section */

/* Begin PBXFrameworksBuildPhase section */
		4B19B13321C03E7C007903A7 /* Frameworks */ = {
			isa = PBXFrameworksBuildPhase;
			buildActionMask = 2147483647;
			files = (
			);
			runOnlyForDeploymentPostprocessing = 0;
		};
		4B19B14721C03E7E007903A7 /* Frameworks */ = {
			isa = PBXFrameworksBuildPhase;
			buildActionMask = 2147483647;
			files = (
			);
			runOnlyForDeploymentPostprocessing = 0;
		};
		4B19B15221C03E7E007903A7 /* Frameworks */ = {
			isa = PBXFrameworksBuildPhase;
			buildActionMask = 2147483647;
			files = (
			);
			runOnlyForDeploymentPostprocessing = 0;
		};
/* End PBXFrameworksBuildPhase section */

/* Begin PBXGroup section */
		4B19B12D21C03E7C007903A7 = {
			isa = PBXGroup;
			children = (
				4B19B13821C03E7C007903A7 /* Domestic Violence Pizza App */,
				4B19B13721C03E7C007903A7 /* Products */,
			);
			sourceTree = "<group>";
		};
		4B19B13721C03E7C007903A7 /* Products */ = {
			isa = PBXGroup;
			children = (
				4B19B13621C03E7C007903A7 /* Domestic Violence Pizza App.app */,
				4B19B14A21C03E7E007903A7 /* Domestic Violence Pizza AppTests.xctest */,
				4B19B15521C03E7E007903A7 /* Domestic Violence Pizza AppUITests.xctest */,
			);
			name = Products;
			sourceTree = "<group>";
		};
		4B19B13821C03E7C007903A7 /* Domestic Violence Pizza App */ = {
			isa = PBXGroup;
			children = (
				FE5166B02200FD98008176AB /* ToppingView.swift */,
				FE5166AE2200FBDA008176AB /* SizeView.swift */,
				FE5166AA2200E9E5008176AB /* SauceView.swift */,
				4B19B13921C03E7C007903A7 /* AppDelegate.swift */,
				4B19B13D21C03E7C007903A7 /* Main.storyboard */,
				4BD624A421E91015007D0E7C /* untitled.png */,
				18B4B9F122137B1B00DF905C /* Davey's_Pizza.png */,
				4B19B14021C03E7E007903A7 /* Assets.xcassets */,
				4B19B14221C03E7E007903A7 /* LaunchScreen.storyboard */,
				FE5166A82200E991008176AB /* StartingView.swift */,
				4B19B14521C03E7E007903A7 /* Info.plist */,
				FE5166AC2200EA77008176AB /* InformationView.swift */,
				4B696DE3220A3B7B00DA31BE /* FinalView.swift */,
			);
			path = "Domestic Violence Pizza App";
			sourceTree = "<group>";
		};
/* End PBXGroup section */

/* Begin PBXNativeTarget section */
		4B19B13521C03E7C007903A7 /* Domestic Violence Pizza App */ = {
			isa = PBXNativeTarget;
			buildConfigurationList = 4B19B15E21C03E7E007903A7 /* Build configuration list for PBXNativeTarget "Domestic Violence Pizza App" */;
			buildPhases = (
				4B19B13221C03E7C007903A7 /* Sources */,
				4B19B13321C03E7C007903A7 /* Frameworks */,
				4B19B13421C03E7C007903A7 /* Resources */,
			);
			buildRules = (
			);
			dependencies = (
			);
			name = "Domestic Violence Pizza App";
			productName = "Domestic Violence Pizza App";
			productReference = 4B19B13621C03E7C007903A7 /* Domestic Violence Pizza App.app */;
			productType = "com.apple.product-type.application";
		};
		4B19B14921C03E7E007903A7 /* Domestic Violence Pizza AppTests */ = {
			isa = PBXNativeTarget;
			buildConfigurationList = 4B19B16121C03E7E007903A7 /* Build configuration list for PBXNativeTarget "Domestic Violence Pizza AppTests" */;
			buildPhases = (
				4B19B14621C03E7E007903A7 /* Sources */,
				4B19B14721C03E7E007903A7 /* Frameworks */,
				4B19B14821C03E7E007903A7 /* Resources */,
			);
			buildRules = (
			);
			dependencies = (
				4B19B14C21C03E7E007903A7 /* PBXTargetDependency */,
			);
			name = "Domestic Violence Pizza AppTests";
			productName = "Domestic Violence Pizza AppTests";
			productReference = 4B19B14A21C03E7E007903A7 /* Domestic Violence Pizza AppTests.xctest */;
			productType = "com.apple.product-type.bundle.unit-test";
		};
		4B19B15421C03E7E007903A7 /* Domestic Violence Pizza AppUITests */ = {
			isa = PBXNativeTarget;
			buildConfigurationList = 4B19B16421C03E7E007903A7 /* Build configuration list for PBXNativeTarget "Domestic Violence Pizza AppUITests" */;
			buildPhases = (
				4B19B15121C03E7E007903A7 /* Sources */,
				4B19B15221C03E7E007903A7 /* Frameworks */,
				4B19B15321C03E7E007903A7 /* Resources */,
			);
			buildRules = (
			);
			dependencies = (
				4B19B15721C03E7E007903A7 /* PBXTargetDependency */,
			);
			name = "Domestic Violence Pizza AppUITests";
			productName = "Domestic Violence Pizza AppUITests";
			productReference = 4B19B15521C03E7E007903A7 /* Domestic Violence Pizza AppUITests.xctest */;
			productType = "com.apple.product-type.bundle.ui-testing";
		};
/* End PBXNativeTarget section */

/* Begin PBXProject section */
		4B19B12E21C03E7C007903A7 /* Project object */ = {
			isa = PBXProject;
			attributes = {
				LastSwiftUpdateCheck = 1010;
				LastUpgradeCheck = 1010;
				ORGANIZATIONNAME = "Josh Admin";
				TargetAttributes = {
					4B19B13521C03E7C007903A7 = {
						CreatedOnToolsVersion = 10.1;
					};
					4B19B14921C03E7E007903A7 = {
						CreatedOnToolsVersion = 10.1;
						TestTargetID = 4B19B13521C03E7C007903A7;
					};
					4B19B15421C03E7E007903A7 = {
						CreatedOnToolsVersion = 10.1;
						TestTargetID = 4B19B13521C03E7C007903A7;
					};
				};
			};
			buildConfigurationList = 4B19B13121C03E7C007903A7 /* Build configuration list for PBXProject "Domestic Violence Pizza App" */;
			compatibilityVersion = "Xcode 9.3";
			developmentRegion = en;
			hasScannedForEncodings = 0;
			knownRegions = (
				en,
				Base,
			);
			mainGroup = 4B19B12D21C03E7C007903A7;
			productRefGroup = 4B19B13721C03E7C007903A7 /* Products */;
			projectDirPath = "";
			projectRoot = "";
			targets = (
				4B19B13521C03E7C007903A7 /* Domestic Violence Pizza App */,
				4B19B14921C03E7E007903A7 /* Domestic Violence Pizza AppTests */,
				4B19B15421C03E7E007903A7 /* Domestic Violence Pizza AppUITests */,
			);
		};
/* End PBXProject section */

/* Begin PBXResourcesBuildPhase section */
		4B19B13421C03E7C007903A7 /* Resources */ = {
			isa = PBXResourcesBuildPhase;
			buildActionMask = 2147483647;
			files = (
				4B19B14421C03E7E007903A7 /* LaunchScreen.storyboard in Resources */,
				18B4B9F222137B1B00DF905C /* Davey's_Pizza.png in Resources */,
				4B19B14121C03E7E007903A7 /* Assets.xcassets in Resources */,
				4B19B13F21C03E7C007903A7 /* Main.storyboard in Resources */,
				4BD624A521E91015007D0E7C /* untitled.png in Resources */,
			);
			runOnlyForDeploymentPostprocessing = 0;
		};
		4B19B14821C03E7E007903A7 /* Resources */ = {
			isa = PBXResourcesBuildPhase;
			buildActionMask = 2147483647;
			files = (
			);
			runOnlyForDeploymentPostprocessing = 0;
		};
		4B19B15321C03E7E007903A7 /* Resources */ = {
			isa = PBXResourcesBuildPhase;
			buildActionMask = 2147483647;
			files = (
			);
			runOnlyForDeploymentPostprocessing = 0;
		};
/* End PBXResourcesBuildPhase section */

/* Begin PBXSourcesBuildPhase section */
		4B19B13221C03E7C007903A7 /* Sources */ = {
			isa = PBXSourcesBuildPhase;
			buildActionMask = 2147483647;
			files = (
				4B696DE4220A3B7B00DA31BE /* FinalView.swift in Sources */,
				FE5166B12200FD98008176AB /* ToppingView.swift in Sources */,
				FE5166AB2200E9E5008176AB /* SauceView.swift in Sources */,
				FE5166AD2200EA77008176AB /* InformationView.swift in Sources */,
				FE5166A92200E991008176AB /* StartingView.swift in Sources */,
				4B19B13A21C03E7C007903A7 /* AppDelegate.swift in Sources */,
				FE5166AF2200FBDA008176AB /* SizeView.swift in Sources */,
			);
			runOnlyForDeploymentPostprocessing = 0;
		};
		4B19B14621C03E7E007903A7 /* Sources */ = {
			isa = PBXSourcesBuildPhase;
			buildActionMask = 2147483647;
			files = (
			);
			runOnlyForDeploymentPostprocessing = 0;
		};
		4B19B15121C03E7E007903A7 /* Sources */ = {
			isa = PBXSourcesBuildPhase;
			buildActionMask = 2147483647;
			files = (
			);
			runOnlyForDeploymentPostprocessing = 0;
		};
/* End PBXSourcesBuildPhase section */

/* Begin PBXTargetDependency section */
		4B19B14C21C03E7E007903A7 /* PBXTargetDependency */ = {
			isa = PBXTargetDependency;
			target = 4B19B13521C03E7C007903A7 /* Domestic Violence Pizza App */;
			targetProxy = 4B19B14B21C03E7E007903A7 /* PBXContainerItemProxy */;
		};
		4B19B15721C03E7E007903A7 /* PBXTargetDependency */ = {
			isa = PBXTargetDependency;
			target = 4B19B13521C03E7C007903A7 /* Domestic Violence Pizza App */;
			targetProxy = 4B19B15621C03E7E007903A7 /* PBXContainerItemProxy */;
		};
/* End PBXTargetDependency section */

/* Begin PBXVariantGroup section */
		4B19B13D21C03E7C007903A7 /* Main.storyboard */ = {
			isa = PBXVariantGroup;
			children = (
				4B19B13E21C03E7C007903A7 /* Base */,
			);
			name = Main.storyboard;
			sourceTree = "<group>";
		};
		4B19B14221C03E7E007903A7 /* LaunchScreen.storyboard */ = {
			isa = PBXVariantGroup;
			children = (
				4B19B14321C03E7E007903A7 /* Base */,
			);
			name = LaunchScreen.storyboard;
			sourceTree = "<group>";
		};
/* End PBXVariantGroup section */

/* Begin XCBuildConfiguration section */
		4B19B15C21C03E7E007903A7 /* Debug */ = {
			isa = XCBuildConfiguration;
			buildSettings = {
				ALWAYS_SEARCH_USER_PATHS = NO;
				CLANG_ANALYZER_NONNULL = YES;
				CLANG_ANALYZER_NUMBER_OBJECT_CONVERSION = YES_AGGRESSIVE;
				CLANG_CXX_LANGUAGE_STANDARD = "gnu++14";
				CLANG_CXX_LIBRARY = "libc++";
				CLANG_ENABLE_MODULES = YES;
				CLANG_ENABLE_OBJC_ARC = YES;
				CLANG_ENABLE_OBJC_WEAK = YES;
				CLANG_WARN_BLOCK_CAPTURE_AUTORELEASING = YES;
				CLANG_WARN_BOOL_CONVERSION = YES;
				CLANG_WARN_COMMA = YES;
				CLANG_WARN_CONSTANT_CONVERSION = YES;
				CLANG_WARN_DEPRECATED_OBJC_IMPLEMENTATIONS = YES;
				CLANG_WARN_DIRECT_OBJC_ISA_USAGE = YES_ERROR;
				CLANG_WARN_DOCUMENTATION_COMMENTS = YES;
				CLANG_WARN_EMPTY_BODY = YES;
				CLANG_WARN_ENUM_CONVERSION = YES;
				CLANG_WARN_INFINITE_RECURSION = YES;
				CLANG_WARN_INT_CONVERSION = YES;
				CLANG_WARN_NON_LITERAL_NULL_CONVERSION = YES;
				CLANG_WARN_OBJC_IMPLICIT_RETAIN_SELF = YES;
				CLANG_WARN_OBJC_LITERAL_CONVERSION = YES;
				CLANG_WARN_OBJC_ROOT_CLASS = YES_ERROR;
				CLANG_WARN_RANGE_LOOP_ANALYSIS = YES;
				CLANG_WARN_STRICT_PROTOTYPES = YES;
				CLANG_WARN_SUSPICIOUS_MOVE = YES;
				CLANG_WARN_UNGUARDED_AVAILABILITY = YES_AGGRESSIVE;
				CLANG_WARN_UNREACHABLE_CODE = YES;
				CLANG_WARN__DUPLICATE_METHOD_MATCH = YES;
				CODE_SIGN_IDENTITY = "iPhone Developer";
				COPY_PHASE_STRIP = NO;
				DEBUG_INFORMATION_FORMAT = dwarf;
				ENABLE_STRICT_OBJC_MSGSEND = YES;
				ENABLE_TESTABILITY = YES;
				GCC_C_LANGUAGE_STANDARD = gnu11;
				GCC_DYNAMIC_NO_PIC = NO;
				GCC_NO_COMMON_BLOCKS = YES;
				GCC_OPTIMIZATION_LEVEL = 0;
				GCC_PREPROCESSOR_DEFINITIONS = (
					"DEBUG=1",
					"$(inherited)",
				);
				GCC_WARN_64_TO_32_BIT_CONVERSION = YES;
				GCC_WARN_ABOUT_RETURN_TYPE = YES_ERROR;
				GCC_WARN_UNDECLARED_SELECTOR = YES;
				GCC_WARN_UNINITIALIZED_AUTOS = YES_AGGRESSIVE;
				GCC_WARN_UNUSED_FUNCTION = YES;
				GCC_WARN_UNUSED_VARIABLE = YES;
				IPHONEOS_DEPLOYMENT_TARGET = 12.1;
				MTL_ENABLE_DEBUG_INFO = INCLUDE_SOURCE;
				MTL_FAST_MATH = YES;
				ONLY_ACTIVE_ARCH = YES;
				SDKROOT = iphoneos;
				SWIFT_ACTIVE_COMPILATION_CONDITIONS = DEBUG;
				SWIFT_OPTIMIZATION_LEVEL = "-Onone";
			};
			name = Debug;
		};
		4B19B15D21C03E7E007903A7 /* Release */ = {
			isa = XCBuildConfiguration;
			buildSettings = {
				ALWAYS_SEARCH_USER_PATHS = NO;
				CLANG_ANALYZER_NONNULL = YES;
				CLANG_ANALYZER_NUMBER_OBJECT_CONVERSION = YES_AGGRESSIVE;
				CLANG_CXX_LANGUAGE_STANDARD = "gnu++14";
				CLANG_CXX_LIBRARY = "libc++";
				CLANG_ENABLE_MODULES = YES;
				CLANG_ENABLE_OBJC_ARC = YES;
				CLANG_ENABLE_OBJC_WEAK = YES;
				CLANG_WARN_BLOCK_CAPTURE_AUTORELEASING = YES;
				CLANG_WARN_BOOL_CONVERSION = YES;
				CLANG_WARN_COMMA = YES;
				CLANG_WARN_CONSTANT_CONVERSION = YES;
				CLANG_WARN_DEPRECATED_OBJC_IMPLEMENTATIONS = YES;
				CLANG_WARN_DIRECT_OBJC_ISA_USAGE = YES_ERROR;
				CLANG_WARN_DOCUMENTATION_COMMENTS = YES;
				CLANG_WARN_EMPTY_BODY = YES;
				CLANG_WARN_ENUM_CONVERSION = YES;
				CLANG_WARN_INFINITE_RECURSION = YES;
				CLANG_WARN_INT_CONVERSION = YES;
				CLANG_WARN_NON_LITERAL_NULL_CONVERSION = YES;
				CLANG_WARN_OBJC_IMPLICIT_RETAIN_SELF = YES;
				CLANG_WARN_OBJC_LITERAL_CONVERSION = YES;
				CLANG_WARN_OBJC_ROOT_CLASS = YES_ERROR;
				CLANG_WARN_RANGE_LOOP_ANALYSIS = YES;
				CLANG_WARN_STRICT_PROTOTYPES = YES;
				CLANG_WARN_SUSPICIOUS_MOVE = YES;
				CLANG_WARN_UNGUARDED_AVAILABILITY = YES_AGGRESSIVE;
				CLANG_WARN_UNREACHABLE_CODE = YES;
				CLANG_WARN__DUPLICATE_METHOD_MATCH = YES;
				CODE_SIGN_IDENTITY = "iPhone Developer";
				COPY_PHASE_STRIP = NO;
				DEBUG_INFORMATION_FORMAT = "dwarf-with-dsym";
				ENABLE_NS_ASSERTIONS = NO;
				ENABLE_STRICT_OBJC_MSGSEND = YES;
				GCC_C_LANGUAGE_STANDARD = gnu11;
				GCC_NO_COMMON_BLOCKS = YES;
				GCC_WARN_64_TO_32_BIT_CONVERSION = YES;
				GCC_WARN_ABOUT_RETURN_TYPE = YES_ERROR;
				GCC_WARN_UNDECLARED_SELECTOR = YES;
				GCC_WARN_UNINITIALIZED_AUTOS = YES_AGGRESSIVE;
				GCC_WARN_UNUSED_FUNCTION = YES;
				GCC_WARN_UNUSED_VARIABLE = YES;
				IPHONEOS_DEPLOYMENT_TARGET = 12.1;
				MTL_ENABLE_DEBUG_INFO = NO;
				MTL_FAST_MATH = YES;
				SDKROOT = iphoneos;
				SWIFT_COMPILATION_MODE = wholemodule;
				SWIFT_OPTIMIZATION_LEVEL = "-O";
				VALIDATE_PRODUCT = YES;
			};
			name = Release;
		};
		4B19B15F21C03E7E007903A7 /* Debug */ = {
			isa = XCBuildConfiguration;
			buildSettings = {
				ASSETCATALOG_COMPILER_APPICON_NAME = AppIcon;
				CODE_SIGN_STYLE = Automatic;
				INFOPLIST_FILE = "Domestic Violence Pizza App/Info.plist";
				LD_RUNPATH_SEARCH_PATHS = (
					"$(inherited)",
					"@executable_path/Frameworks",
				);
				PRODUCT_BUNDLE_IDENTIFIER = "HonorsChem.Domestic-Violence-Pizza-App";
				PRODUCT_NAME = "$(TARGET_NAME)";
				SWIFT_VERSION = 4.2;
				TARGETED_DEVICE_FAMILY = "1,2";
			};
			name = Debug;
		};
		4B19B16021C03E7E007903A7 /* Release */ = {
			isa = XCBuildConfiguration;
			buildSettings = {
				ASSETCATALOG_COMPILER_APPICON_NAME = AppIcon;
				CODE_SIGN_STYLE = Automatic;
				INFOPLIST_FILE = "Domestic Violence Pizza App/Info.plist";
				LD_RUNPATH_SEARCH_PATHS = (
					"$(inherited)",
					"@executable_path/Frameworks",
				);
				PRODUCT_BUNDLE_IDENTIFIER = "HonorsChem.Domestic-Violence-Pizza-App";
				PRODUCT_NAME = "$(TARGET_NAME)";
				SWIFT_VERSION = 4.2;
				TARGETED_DEVICE_FAMILY = "1,2";
			};
			name = Release;
		};
		4B19B16221C03E7E007903A7 /* Debug */ = {
			isa = XCBuildConfiguration;
			buildSettings = {
				ALWAYS_EMBED_SWIFT_STANDARD_LIBRARIES = YES;
				BUNDLE_LOADER = "$(TEST_HOST)";
				CODE_SIGN_STYLE = Automatic;
				INFOPLIST_FILE = "Domestic Violence Pizza AppTests/Info.plist";
				LD_RUNPATH_SEARCH_PATHS = (
					"$(inherited)",
					"@executable_path/Frameworks",
					"@loader_path/Frameworks",
				);
				PRODUCT_BUNDLE_IDENTIFIER = "HonorsChem.Domestic-Violence-Pizza-AppTests";
				PRODUCT_NAME = "$(TARGET_NAME)";
				SWIFT_VERSION = 4.2;
				TARGETED_DEVICE_FAMILY = "1,2";
				TEST_HOST = "$(BUILT_PRODUCTS_DIR)/Domestic Violence Pizza App.app/Domestic Violence Pizza App";
			};
			name = Debug;
		};
		4B19B16321C03E7E007903A7 /* Release */ = {
			isa = XCBuildConfiguration;
			buildSettings = {
				ALWAYS_EMBED_SWIFT_STANDARD_LIBRARIES = YES;
				BUNDLE_LOADER = "$(TEST_HOST)";
				CODE_SIGN_STYLE = Automatic;
				INFOPLIST_FILE = "Domestic Violence Pizza AppTests/Info.plist";
				LD_RUNPATH_SEARCH_PATHS = (
					"$(inherited)",
					"@executable_path/Frameworks",
					"@loader_path/Frameworks",
				);
				PRODUCT_BUNDLE_IDENTIFIER = "HonorsChem.Domestic-Violence-Pizza-AppTests";
				PRODUCT_NAME = "$(TARGET_NAME)";
				SWIFT_VERSION = 4.2;
				TARGETED_DEVICE_FAMILY = "1,2";
				TEST_HOST = "$(BUILT_PRODUCTS_DIR)/Domestic Violence Pizza App.app/Domestic Violence Pizza App";
			};
			name = Release;
		};
		4B19B16521C03E7E007903A7 /* Debug */ = {
			isa = XCBuildConfiguration;
			buildSettings = {
				ALWAYS_EMBED_SWIFT_STANDARD_LIBRARIES = YES;
				CODE_SIGN_STYLE = Automatic;
				INFOPLIST_FILE = "Domestic Violence Pizza AppUITests/Info.plist";
				LD_RUNPATH_SEARCH_PATHS = (
					"$(inherited)",
					"@executable_path/Frameworks",
					"@loader_path/Frameworks",
				);
				PRODUCT_BUNDLE_IDENTIFIER = "HonorsChem.Domestic-Violence-Pizza-AppUITests";
				PRODUCT_NAME = "$(TARGET_NAME)";
				SWIFT_VERSION = 4.2;
				TARGETED_DEVICE_FAMILY = "1,2";
				TEST_TARGET_NAME = "Domestic Violence Pizza App";
			};
			name = Debug;
		};
		4B19B16621C03E7E007903A7 /* Release */ = {
			isa = XCBuildConfiguration;
			buildSettings = {
				ALWAYS_EMBED_SWIFT_STANDARD_LIBRARIES = YES;
				CODE_SIGN_STYLE = Automatic;
				INFOPLIST_FILE = "Domestic Violence Pizza AppUITests/Info.plist";
				LD_RUNPATH_SEARCH_PATHS = (
					"$(inherited)",
					"@executable_path/Frameworks",
					"@loader_path/Frameworks",
				);
				PRODUCT_BUNDLE_IDENTIFIER = "HonorsChem.Domestic-Violence-Pizza-AppUITests";
				PRODUCT_NAME = "$(TARGET_NAME)";
				SWIFT_VERSION = 4.2;
				TARGETED_DEVICE_FAMILY = "1,2";
				TEST_TARGET_NAME = "Domestic Violence Pizza App";
			};
			name = Release;
		};
/* End XCBuildConfiguration section */

/* Begin XCConfigurationList section */
		4B19B13121C03E7C007903A7 /* Build configuration list for PBXProject "Domestic Violence Pizza App" */ = {
			isa = XCConfigurationList;
			buildConfigurations = (
				4B19B15C21C03E7E007903A7 /* Debug */,
				4B19B15D21C03E7E007903A7 /* Release */,
			);
			defaultConfigurationIsVisible = 0;
			defaultConfigurationName = Release;
		};
		4B19B15E21C03E7E007903A7 /* Build configuration list for PBXNativeTarget "Domestic Violence Pizza App" */ = {
			isa = XCConfigurationList;
			buildConfigurations = (
				4B19B15F21C03E7E007903A7 /* Debug */,
				4B19B16021C03E7E007903A7 /* Release */,
			);
			defaultConfigurationIsVisible = 0;
			defaultConfigurationName = Release;
		};
		4B19B16121C03E7E007903A7 /* Build configuration list for PBXNativeTarget "Domestic Violence Pizza AppTests" */ = {
			isa = XCConfigurationList;
			buildConfigurations = (
				4B19B16221C03E7E007903A7 /* Debug */,
				4B19B16321C03E7E007903A7 /* Release */,
			);
			defaultConfigurationIsVisible = 0;
			defaultConfigurationName = Release;
		};
		4B19B16421C03E7E007903A7 /* Build configuration list for PBXNativeTarget "Domestic Violence Pizza AppUITests" */ = {
			isa = XCConfigurationList;
			buildConfigurations = (
				4B19B16521C03E7E007903A7 /* Debug */,
				4B19B16621C03E7E007903A7 /* Release */,
			);
			defaultConfigurationIsVisible = 0;
			defaultConfigurationName = Release;
		};
/* End XCConfigurationList section */
	};
	rootObject = 4B19B12E21C03E7C007903A7 /* Project object */;
}
